{
  "name": "@surabhilssk/project-mache",
  "version": "2.1.0",
  "lockfileVersion": 3,
  "requires": true,
  "packages": {
    "": {
      "name": "@surabhilssk/project-mache",
      "version": "2.1.0",
      "license": "ISC",
      "dependencies": {
        "@surabhilssk/project-mache": "^2.1.0",
        "zod": "^3.24.1"
      }
    },
    "node_modules/@surabhilssk/project-mache": {
      "version": "2.1.0",
      "resolved": "https://registry.npmjs.org/@surabhilssk/project-mache/-/project-mache-2.1.0.tgz",
      "integrity": "sha512-b+ebNuV5Xw23gpsKkpckGF27Y328/mfyXhn+bF8ULzOVrummp9PHRffLZSXlZCdD/0/FQRrL3skbe4gZ08lrTg==",
      "license": "ISC",
      "dependencies": {
        "zod": "^3.24.1"
      }
    },
    "node_modules/zod": {
      "version": "3.24.1",
      "resolved": "https://registry.npmjs.org/zod/-/zod-3.24.1.tgz",
      "integrity": "sha512-muH7gBL9sI1nciMZV67X5fTKKBLtwpZ5VBp1vsOQzj1MhrBZ4wlVCm3gedKZWLp0Oyel8sIGfeiz54Su+OVT+A==",
      "license": "MIT",
      "funding": {
        "url": "https://github.com/sponsors/colinhacks"
      }
    }
  }
}
